
Microsoft Visual Studio Solution File, Format Version 12.00
# Visual Studio 15
VisualStudioVersion = 15.0.28307.1259
MinimumVisualStudioVersion = 10.0.40219.1
Project("{FAE04EC0-301F-11D3-BF4B-00C04F79EFBC}") = "PersonalSiteMVC.UI.MVC", "PersonalSiteMVC.UI.MVC\PersonalSiteMVC.UI.MVC.csproj", "{75981C7A-31D0-4E0A-9D57-3615F791FB8A}"
EndProject
Global
	GlobalSection(SolutionConfigurationPlatforms) = preSolution
		Debug|Any CPU = Debug|Any CPU
		Release|Any CPU = Release|Any CPU
	EndGlobalSection
	GlobalSection(ProjectConfigurationPlatforms) = postSolution
		{75981C7A-31D0-4E0A-9D57-3615F791FB8A}.Debug|Any CPU.ActiveCfg = Debug|Any CPU
		{75981C7A-31D0-4E0A-9D57-3615F791FB8A}.Debug|Any CPU.Build.0 = Debug|Any CPU
		{75981C7A-31D0-4E0A-9D57-3615F791FB8A}.Release|Any CPU.ActiveCfg = Release|Any CPU
		{75981C7A-31D0-4E0A-9D57-3615F791FB8A}.Release|Any CPU.Build.0 = Release|Any CPU
	EndGlobalSection
	GlobalSection(SolutionProperties) = preSolution
		HideSolutionNode = FALSE
	EndGlobalSection
	GlobalSection(ExtensibilityGlobals) = postSolution
		SolutionGuid = {67AFDEAF-EE56-4B10-A35E-D61EAA809D1F}
	EndGlobalSection
EndGlobal
